// !$*UTF8*$!
{
	archiveVersion = 1;
	classes = {
	};
	objectVersion = 50;
	objects = {

/* Begin PBXBuildFile section */
		ADDE29C420928EE900F44D56 /* AppDelegate.swift in Sources */ = {isa = PBXBuildFile; fileRef = ADDE29C320928EE900F44D56 /* AppDelegate.swift */; };
		ADDE29C620928EE900F44D56 /* ViewController.swift in Sources */ = {isa = PBXBuildFile; fileRef = ADDE29C520928EE900F44D56 /* ViewController.swift */; };
		ADDE29C920928EE900F44D56 /* Main.storyboard in Resources */ = {isa = PBXBuildFile; fileRef = ADDE29C720928EE900F44D56 /* Main.storyboard */; };
		ADDE29CB20928EEA00F44D56 /* Assets.xcassets in Resources */ = {isa = PBXBuildFile; fileRef = ADDE29CA20928EEA00F44D56 /* Assets.xcassets */; };
		ADDE29CE20928EEA00F44D56 /* LaunchScreen.storyboard in Resources */ = {isa = PBXBuildFile; fileRef = ADDE29CC20928EEA00F44D56 /* LaunchScreen.storyboard */; };
		ADDE29D7209290F000F44D56 /* MyCustomCell.swift in Sources */ = {isa = PBXBuildFile; fileRef = ADDE29D5209290F000F44D56 /* MyCustomCell.swift */; };
		ADDE29D8209290F000F44D56 /* MyCustomCell.xib in Resources */ = {isa = PBXBuildFile; fileRef = ADDE29D6209290F000F44D56 /* MyCustomCell.xib */; };
/* End PBXBuildFile section */

/* Begin PBXFileReference section */
		ADDE29C020928EE900F44D56 /* Cell Example.app */ = {isa = PBXFileReference; explicitFileType = wrapper.application; includeInIndex = 0; path = "Cell Example.app"; sourceTree = BUILT_PRODUCTS_DIR; };
		ADDE29C320928EE900F44D56 /* AppDelegate.swift */ = {isa = PBXFileReference; lastKnownFileType = sourcecode.swift; path = AppDelegate.swift; sourceTree = "<group>"; };
		ADDE29C520928EE900F44D56 /* ViewController.swift */ = {isa = PBXFileReference; lastKnownFileType = sourcecode.swift; path = ViewController.swift; sourceTree = "<group>"; };
		ADDE29C820928EE900F44D56 /* Base */ = {isa = PBXFileReference; lastKnownFileType = file.storyboard; name = Base; path = Base.lproj/Main.storyboard; sourceTree = "<group>"; };
		ADDE29CA20928EEA00F44D56 /* Assets.xcassets */ = {isa = PBXFileReference; lastKnownFileType = folder.assetcatalog; path = Assets.xcassets; sourceTree = "<group>"; };
		ADDE29CD20928EEA00F44D56 /* Base */ = {isa = PBXFileReference; lastKnownFileType = file.storyboard; name = Base; path = Base.lproj/LaunchScreen.storyboard; sourceTree = "<group>"; };
		ADDE29CF20928EEA00F44D56 /* Info.plist */ = {isa = PBXFileReference; lastKnownFileType = text.plist.xml; path = Info.plist; sourceTree = "<group>"; };
		ADDE29D5209290F000F44D56 /* MyCustomCell.swift */ = {isa = PBXFileReference; lastKnownFileType = sourcecode.swift; path = MyCustomCell.swift; sourceTree = "<group>"; };
		ADDE29D6209290F000F44D56 /* MyCustomCell.xib */ = {isa = PBXFileReference; lastKnownFileType = file.xib; path = MyCustomCell.xib; sourceTree = "<group>"; };
/* End PBXFileReference section */

/* Begin PBXFrameworksBuildPhase section */
		ADDE29BD20928EE900F44D56 /* Frameworks */ = {
			isa = PBXFrameworksBuildPhase;
			buildActionMask = 2147483647;
			files = (
			);
			runOnlyForDeploymentPostprocessing = 0;
		};
/* End PBXFrameworksBuildPhase section */

/* Begin PBXGroup section */
		ADDE29B720928EE900F44D56 = {
			isa = PBXGroup;
			children = (
				ADDE29C220928EE900F44D56 /* Cell Example */,
				ADDE29C120928EE900F44D56 /* Products */,
			);
			sourceTree = "<group>";
		};
		ADDE29C120928EE900F44D56 /* Products */ = {
			isa = PBXGroup;
			children = (
				ADDE29C020928EE900F44D56 /* Cell Example.app */,
			);
			name = Products;
			sourceTree = "<group>";
		};
		ADDE29C220928EE900F44D56 /* Cell Example */ = {
			isa = PBXGroup;
			children = (
				ADDE29C320928EE900F44D56 /* AppDelegate.swift */,
				ADDE29C520928EE900F44D56 /* ViewController.swift */,
				ADDE29D92092910700F44D56 /* Custom Cell */,
				ADDE29C720928EE900F44D56 /* Main.storyboard */,
				ADDE29CA20928EEA00F44D56 /* Assets.xcassets */,
				ADDE29CC20928EEA00F44D56 /* LaunchScreen.storyboard */,
				ADDE29CF20928EEA00F44D56 /* Info.plist */,
			);
			path = "Cell Example";
			sourceTree = "<group>";
		};
		ADDE29D92092910700F44D56 /* Custom Cell */ = {
			isa = PBXGroup;
			children = (
				ADDE29D5209290F000F44D56 /* MyCustomCell.swift */,
				ADDE29D6209290F000F44D56 /* MyCustomCell.xib */,
			);
			path = "Custom Cell";
			sourceTree = "<group>";
		};
/* End PBXGroup section */

/* Begin PBXNativeTarget section */
		ADDE29BF20928EE900F44D56 /* Cell Example */ = {
			isa = PBXNativeTarget;
			buildConfigurationList = ADDE29D220928EEA00F44D56 /* Build configuration list for PBXNativeTarget "Cell Example" */;
			buildPhases = (
				ADDE29BC20928EE900F44D56 /* Sources */,
				ADDE29BD20928EE900F44D56 /* Frameworks */,
				ADDE29BE20928EE900F44D56 /* Resources */,
			);
			buildRules = (
			);
			dependencies = (
			);
			name = "Cell Example";
			productName = "Cell Example";
			productReference = ADDE29C020928EE900F44D56 /* Cell Example.app */;
			productType = "com.apple.product-type.application";
		};
/* End PBXNativeTarget section */

/* Begin PBXProject section */
		ADDE29B820928EE900F44D56 /* Project object */ = {
			isa = PBXProject;
			attributes = {
				LastSwiftUpdateCheck = 0930;
				LastUpgradeCheck = 0930;
				ORGANIZATIONNAME = "Stephen Smith";
				TargetAttributes = {
					ADDE29BF20928EE900F44D56 = {
						CreatedOnToolsVersion = 9.3;
					};
				};
			};
			buildConfigurationList = ADDE29BB20928EE900F44D56 /* Build configuration list for PBXProject "Cell Example" */;
			compatibilityVersion = "Xcode 9.3";
			developmentRegion = en;
			hasScannedForEncodings = 0;
			knownRegions = (
				en,
				Base,
			);
			mainGroup = ADDE29B720928EE900F44D56;
			productRefGroup = ADDE29C120928EE900F44D56 /* Products */;
			projectDirPath = "";
			projectRoot = "";
			targets = (
				ADDE29BF20928EE900F44D56 /* Cell Example */,
			);
		};
/* End PBXProject section */

/* Begin PBXResourcesBuildPhase section */
		ADDE29BE20928EE900F44D56 /* Resources */ = {
			isa = PBXResourcesBuildPhase;
			buildActionMask = 2147483647;
			files = (
				ADDE29CE20928EEA00F44D56 /* LaunchScreen.storyboard in Resources */,
				ADDE29CB20928EEA00F44D56 /* Assets.xcassets in Resources */,
				ADDE29D8209290F000F44D56 /* MyCustomCell.xib in Resources */,
				ADDE29C920928EE900F44D56 /* Main.storyboard in Resources */,
			);
			runOnlyForDeploymentPostprocessing = 0;
		};
/* End PBXResourcesBuildPhase section */

/* Begin PBXSourcesBuildPhase section */
		ADDE29BC20928EE900F44D56 /* Sources */ = {
			isa = PBXSourcesBuildPhase;
			buildActionMask = 2147483647;
			files = (
				ADDE29D7209290F000F44D56 /* MyCustomCell.swift in Sources */,
				ADDE29C620928EE900F44D56 /* ViewController.swift in Sources */,
				ADDE29C420928EE900F44D56 /* AppDelegate.swift in Sources */,
			);
			runOnlyForDeploymentPostprocessing = 0;
		};
/* End PBXSourcesBuildPhase section */

/* Begin PBXVariantGroup section */
		ADDE29C720928EE900F44D56 /* Main.storyboard */ = {
			isa = PBXVariantGroup;
			children = (
				ADDE29C820928EE900F44D56 /* Base */,
			);
			name = Main.storyboard;
			sourceTree = "<group>";
		};
		ADDE29CC20928EEA00F44D56 /* LaunchScreen.storyboard */ = {
			isa = PBXVariantGroup;
			children = (
				ADDE29CD20928EEA00F44D56 /* Base */,
			);
			name = LaunchScreen.storyboard;
			sourceTree = "<group>";
		};
/* End PBXVariantGroup section */

/* Begin XCBuildConfiguration section */
		ADDE29D020928EEA00F44D56 /* Debug */ = {
			isa = XCBuildConfiguration;
			buildSettings = {
				ALWAYS_SEARCH_USER_PATHS = NO;
				CLANG_ANALYZER_NONNULL = YES;
				CLANG_ANALYZER_NUMBER_OBJECT_CONVERSION = YES_AGGRESSIVE;
				CLANG_CXX_LANGUAGE_STANDARD = "gnu++14";
				CLANG_CXX_LIBRARY = "libc++";
				CLANG_ENABLE_MODULES = YES;
				CLANG_ENABLE_OBJC_ARC = YES;
				CLANG_ENABLE_OBJC_WEAK = YES;
				CLANG_WARN_BLOCK_CAPTURE_AUTORELEASING = YES;
				CLANG_WARN_BOOL_CONVERSION = YES;
				CLANG_WARN_COMMA = YES;
				CLANG_WARN_CONSTANT_CONVERSION = YES;
				CLANG_WARN_DEPRECATED_OBJC_IMPLEMENTATIONS = YES;
				CLANG_WARN_DIRECT_OBJC_ISA_USAGE = YES_ERROR;
				CLANG_WARN_DOCUMENTATION_COMMENTS = YES;
				CLANG_WARN_EMPTY_BODY = YES;
				CLANG_WARN_ENUM_CONVERSION = YES;
				CLANG_WARN_INFINITE_RECURSION = YES;
				CLANG_WARN_INT_CONVERSION = YES;
				CLANG_WARN_NON_LITERAL_NULL_CONVERSION = YES;
				CLANG_WARN_OBJC_IMPLICIT_RETAIN_SELF = YES;
				CLANG_WARN_OBJC_LITERAL_CONVERSION = YES;
				CLANG_WARN_OBJC_ROOT_CLASS = YES_ERROR;
				CLANG_WARN_RANGE_LOOP_ANALYSIS = YES;
				CLANG_WARN_STRICT_PROTOTYPES = YES;
				CLANG_WARN_SUSPICIOUS_MOVE = YES;
				CLANG_WARN_UNGUARDED_AVAILABILITY = YES_AGGRESSIVE;
				CLANG_WARN_UNREACHABLE_CODE = YES;
				CLANG_WARN__DUPLICATE_METHOD_MATCH = YES;
				CODE_SIGN_IDENTITY = "iPhone Developer";
				COPY_PHASE_STRIP = NO;
				DEBUG_INFORMATION_FORMAT = dwarf;
				ENABLE_STRICT_OBJC_MSGSEND = YES;
				ENABLE_TESTABILITY = YES;
				GCC_C_LANGUAGE_STANDARD = gnu11;
				GCC_DYNAMIC_NO_PIC = NO;
				GCC_NO_COMMON_BLOCKS = YES;
				GCC_OPTIMIZATION_LEVEL = 0;
				GCC_PREPROCESSOR_DEFINITIONS = (
					"DEBUG=1",
					"$(inherited)",
				);
				GCC_WARN_64_TO_32_BIT_CONVERSION = YES;
				GCC_WARN_ABOUT_RETURN_TYPE = YES_ERROR;
				GCC_WARN_UNDECLARED_SELECTOR = YES;
				GCC_WARN_UNINITIALIZED_AUTOS = YES_AGGRESSIVE;
				GCC_WARN_UNUSED_FUNCTION = YES;
				GCC_WARN_UNUSED_VARIABLE = YES;
				IPHONEOS_DEPLOYMENT_TARGET = 11.3;
				MTL_ENABLE_DEBUG_INFO = YES;
				ONLY_ACTIVE_ARCH = YES;
				SDKROOT = iphoneos;
				SWIFT_ACTIVE_COMPILATION_CONDITIONS = DEBUG;
				SWIFT_OPTIMIZATION_LEVEL = "-Onone";
			};
			name = Debug;
		};
		ADDE29D120928EEA00F44D56 /* Release */ = {
			isa = XCBuildConfiguration;
			buildSettings = {
				ALWAYS_SEARCH_USER_PATHS = NO;
				CLANG_ANALYZER_NONNULL = YES;
				CLANG_ANALYZER_NUMBER_OBJECT_CONVERSION = YES_AGGRESSIVE;
				CLANG_CXX_LANGUAGE_STANDARD = "gnu++14";
				CLANG_CXX_LIBRARY = "libc++";
				CLANG_ENABLE_MODULES = YES;
				CLANG_ENABLE_OBJC_ARC = YES;
				CLANG_ENABLE_OBJC_WEAK = YES;
				CLANG_WARN_BLOCK_CAPTURE_AUTORELEASING = YES;
				CLANG_WARN_BOOL_CONVERSION = YES;
				CLANG_WARN_COMMA = YES;
				CLANG_WARN_CONSTANT_CONVERSION = YES;
				CLANG_WARN_DEPRECATED_OBJC_IMPLEMENTATIONS = YES;
				CLANG_WARN_DIRECT_OBJC_ISA_USAGE = YES_ERROR;
				CLANG_WARN_DOCUMENTATION_COMMENTS = YES;
				CLANG_WARN_EMPTY_BODY = YES;
				CLANG_WARN_ENUM_CONVERSION = YES;
				CLANG_WARN_INFINITE_RECURSION = YES;
				CLANG_WARN_INT_CONVERSION = YES;
				CLANG_WARN_NON_LITERAL_NULL_CONVERSION = YES;
				CLANG_WARN_OBJC_IMPLICIT_RETAIN_SELF = YES;
				CLANG_WARN_OBJC_LITERAL_CONVERSION = YES;
				CLANG_WARN_OBJC_ROOT_CLASS = YES_ERROR;
				CLANG_WARN_RANGE_LOOP_ANALYSIS = YES;
				CLANG_WARN_STRICT_PROTOTYPES = YES;
				CLANG_WARN_SUSPICIOUS_MOVE = YES;
				CLANG_WARN_UNGUARDED_AVAILABILITY = YES_AGGRESSIVE;
				CLANG_WARN_UNREACHABLE_CODE = YES;
				CLANG_WARN__DUPLICATE_METHOD_MATCH = YES;
				CODE_SIGN_IDENTITY = "iPhone Developer";
				COPY_PHASE_STRIP = NO;
				DEBUG_INFORMATION_FORMAT = "dwarf-with-dsym";
				ENABLE_NS_ASSERTIONS = NO;
				ENABLE_STRICT_OBJC_MSGSEND = YES;
				GCC_C_LANGUAGE_STANDARD = gnu11;
				GCC_NO_COMMON_BLOCKS = YES;
				GCC_WARN_64_TO_32_BIT_CONVERSION = YES;
				GCC_WARN_ABOUT_RETURN_TYPE = YES_ERROR;
				GCC_WARN_UNDECLARED_SELECTOR = YES;
				GCC_WARN_UNINITIALIZED_AUTOS = YES_AGGRESSIVE;
				GCC_WARN_UNUSED_FUNCTION = YES;
				GCC_WARN_UNUSED_VARIABLE = YES;
				IPHONEOS_DEPLOYMENT_TARGET = 11.3;
				MTL_ENABLE_DEBUG_INFO = NO;
				SDKROOT = iphoneos;
				SWIFT_COMPILATION_MODE = wholemodule;
				SWIFT_OPTIMIZATION_LEVEL = "-O";
				VALIDATE_PRODUCT = YES;
			};
			name = Release;
		};
		ADDE29D320928EEA00F44D56 /* Debug */ = {
			isa = XCBuildConfiguration;
			buildSettings = {
				ASSETCATALOG_COMPILER_APPICON_NAME = AppIcon;
				CODE_SIGN_STYLE = Automatic;
				DEVELOPMENT_TEAM = WSS63L35N8;
				INFOPLIST_FILE = "Cell Example/Info.plist";
				LD_RUNPATH_SEARCH_PATHS = (
					"$(inherited)",
					"@executable_path/Frameworks",
				);
				PRODUCT_BUNDLE_IDENTIFIER = "Fikaven.Cell-Example";
				PRODUCT_NAME = "$(TARGET_NAME)";
				SWIFT_VERSION = 4.0;
				TARGETED_DEVICE_FAMILY = "1,2";
			};
			name = Debug;
		};
		ADDE29D420928EEA00F44D56 /* Release */ = {
			isa = XCBuildConfiguration;
			buildSettings = {
				ASSETCATALOG_COMPILER_APPICON_NAME = AppIcon;
				CODE_SIGN_STYLE = Automatic;
				DEVELOPMENT_TEAM = WSS63L35N8;
				INFOPLIST_FILE = "Cell Example/Info.plist";
				LD_RUNPATH_SEARCH_PATHS = (
					"$(inherited)",
					"@executable_path/Frameworks",
				);
				PRODUCT_BUNDLE_IDENTIFIER = "Fikaven.Cell-Example";
				PRODUCT_NAME = "$(TARGET_NAME)";
				SWIFT_VERSION = 4.0;
				TARGETED_DEVICE_FAMILY = "1,2";
			};
			name = Release;
		};
/* End XCBuildConfiguration section */

/* Begin XCConfigurationList section */
		ADDE29BB20928EE900F44D56 /* Build configuration list for PBXProject "Cell Example" */ = {
			isa = XCConfigurationList;
			buildConfigurations = (
				ADDE29D020928EEA00F44D56 /* Debug */,
				ADDE29D120928EEA00F44D56 /* Release */,
			);
			defaultConfigurationIsVisible = 0;
			defaultConfigurationName = Release;
		};
		ADDE29D220928EEA00F44D56 /* Build configuration list for PBXNativeTarget "Cell Example" */ = {
			isa = XCConfigurationList;
			buildConfigurations = (
				ADDE29D320928EEA00F44D56 /* Debug */,
				ADDE29D420928EEA00F44D56 /* Release */,
			);
			defaultConfigurationIsVisible = 0;
			defaultConfigurationName = Release;
		};
/* End XCConfigurationList section */
	};
	rootObject = ADDE29B820928EE900F44D56 /* Project object */;
}
